
Microsoft Visual Studio Solution File, Format Version 12.00
# Visual Studio Version 17
VisualStudioVersion = 17.5.33530.505
MinimumVisualStudioVersion = 10.0.40219.1
Project("{2150E333-8FDC-42A3-9474-1A3956D46DE8}") = "ShopManagement", "ShopManagement", "{8F507B52-C59D-41A7-A507-26D7B37A1403}"
EndProject
Project("{2150E333-8FDC-42A3-9474-1A3956D46DE8}") = "SM.Domain", "SM.Domain", "{C4446913-652A-4589-AB14-1337D9CB0530}"
EndProject
Project("{9A19103F-16F7-4668-BE54-9A1E7A4F7556}") = "ShopManagement.Domain", "ShopManagement.Domain\ShopManagement.Domain.csproj", "{052CE594-34D4-4454-8389-BCD30C035E03}"
EndProject
Project("{9A19103F-16F7-4668-BE54-9A1E7A4F7556}") = "0-Framework", "0-Framework\0-Framework.csproj", "{CCA02C45-D228-4BCE-AD20-64520A4A95D3}"
EndProject
Project("{2150E333-8FDC-42A3-9474-1A3956D46DE8}") = "SM.Application", "SM.Application", "{1BC03290-42F1-4CFC-92CF-8F53D61544F6}"
EndProject
Project("{9A19103F-16F7-4668-BE54-9A1E7A4F7556}") = "ShopManagement.Application.Contracts", "ShopManagement.Application.Contracts\ShopManagement.Application.Contracts.csproj", "{9059FFAB-8091-47C2-8194-DD44A35B6793}"
EndProject
Project("{9A19103F-16F7-4668-BE54-9A1E7A4F7556}") = "ShopManagement.Application", "ShopManagement.Application\ShopManagement.Application.csproj", "{350239B0-D050-4377-8F64-6FA024F69EE8}"
EndProject
Project("{2150E333-8FDC-42A3-9474-1A3956D46DE8}") = "SM.Infrastructure", "SM.Infrastructure", "{BE51D5CF-CB24-4E8B-8ECC-B461943E459E}"
EndProject
Project("{9A19103F-16F7-4668-BE54-9A1E7A4F7556}") = "ShopManagement.Infrastructur.EFCore", "ShopManagement.Infrastructur.EFCore\ShopManagement.Infrastructur.EFCore.csproj", "{51780CD4-5CC9-4CDE-8BAF-2E2733FC7F7E}"
EndProject
Project("{9A19103F-16F7-4668-BE54-9A1E7A4F7556}") = "ShopManagement.Configuration", "ShopManagement.Configuration\ShopManagement.Configuration.csproj", "{50609850-4C7B-47A1-9D34-9B3A92BA1DAB}"
EndProject
Project("{9A19103F-16F7-4668-BE54-9A1E7A4F7556}") = "ServiceHost", "ServiceHost\ServiceHost.csproj", "{D83F11D4-4F4A-4ADD-83FD-27572EDC289E}"
EndProject
Project("{9A19103F-16F7-4668-BE54-9A1E7A4F7556}") = "01_LamphadeQuery", "01_LamphadeQuery\01_LamphadeQuery.csproj", "{657ADD15-C51B-40FC-BE79-8B03AD58B5B9}"
EndProject
Project("{2150E333-8FDC-42A3-9474-1A3956D46DE8}") = "DiscountManagement", "DiscountManagement", "{DB6369E6-FC0B-4A7F-9977-6E22A5620295}"
EndProject
Project("{9A19103F-16F7-4668-BE54-9A1E7A4F7556}") = "DiscountManagement.Domain", "DiscountManagement.Domain\DiscountManagement.Domain.csproj", "{BEB46E89-0CC4-4CFC-9BBA-5984D07D66A8}"
EndProject
Project("{2150E333-8FDC-42A3-9474-1A3956D46DE8}") = "DM.Domain", "DM.Domain", "{A26AE46C-4A41-4909-B46F-446F3B608884}"
EndProject
Project("{2150E333-8FDC-42A3-9474-1A3956D46DE8}") = "DM.Application", "DM.Application", "{5E793EB7-63F4-496A-817A-1D9CFF3266E1}"
EndProject
Project("{9A19103F-16F7-4668-BE54-9A1E7A4F7556}") = "DiscountManagement.Application.Contract", "DiscountManagement.Application.Contract\DiscountManagement.Application.Contract.csproj", "{51114EA7-93E7-4E1F-89E5-4CDDF052878E}"
EndProject
Project("{9A19103F-16F7-4668-BE54-9A1E7A4F7556}") = "DiscountManagement.Application", "DiscountManagement.Application\DiscountManagement.Application.csproj", "{C59F1512-097B-479D-8190-B78FF0C657FE}"
EndProject
Project("{2150E333-8FDC-42A3-9474-1A3956D46DE8}") = "DM.Infrastructure", "DM.Infrastructure", "{7CDA4B27-1A90-481C-9E0C-EA015EE8E14D}"
EndProject
Project("{9A19103F-16F7-4668-BE54-9A1E7A4F7556}") = "DiscountManagement.Infrastructure.EFCore", "DiscountManagement.Infrastructure.EFCore\DiscountManagement.Infrastructure.EFCore.csproj", "{75FCBBFA-719E-4B08-B08E-CF5832BED1C1}"
EndProject
Project("{9A19103F-16F7-4668-BE54-9A1E7A4F7556}") = "DiscountManagement.Configuration", "DiscountManagement.Configuration\DiscountManagement.Configuration.csproj", "{93465779-8F2D-4F6D-BFBD-BAEF2B7DF81C}"
EndProject
Project("{2150E333-8FDC-42A3-9474-1A3956D46DE8}") = "IM.Application", "IM.Application", "{CC8C37D9-DA73-4A41-9148-F58EF317A7FF}"
EndProject
Project("{9A19103F-16F7-4668-BE54-9A1E7A4F7556}") = "InventoryManagement.Application.Contract", "InventoryManagement.Application.Contract\InventoryManagement.Application.Contract.csproj", "{A895AF6A-9743-4924-823C-968A131D39CF}"
EndProject
Project("{2150E333-8FDC-42A3-9474-1A3956D46DE8}") = "InventoryManagement", "InventoryManagement", "{4D098E20-7970-4172-A577-EDC79B469121}"
EndProject
Project("{2150E333-8FDC-42A3-9474-1A3956D46DE8}") = "Im.Domain", "Im.Domain", "{F533D4A3-63CA-4C8F-8343-13F3C4C35C37}"
EndProject
Project("{9A19103F-16F7-4668-BE54-9A1E7A4F7556}") = "InventoryManagement.Domain'", "InventoryManagement.Domain'\InventoryManagement.Domain'.csproj", "{2DC7F869-D101-4A9C-9E53-21BF64EC3524}"
EndProject
Project("{2150E333-8FDC-42A3-9474-1A3956D46DE8}") = "IM.Infrastructure", "IM.Infrastructure", "{33B85C4E-D456-4CB6-8CD5-76DBA5153E7A}"
EndProject
Project("{9A19103F-16F7-4668-BE54-9A1E7A4F7556}") = "InventoryManagement.Infrasructure.EFCore", "InventoryManagement.Infrasructure.EFCore\InventoryManagement.Infrasructure.EFCore.csproj", "{B64AF564-1091-40DE-8616-C9AC3E6C566F}"
EndProject
Project("{9A19103F-16F7-4668-BE54-9A1E7A4F7556}") = "InventoryManagement.Infrastructure.Configuration", "InventoryManagement.Infrastructure.Configuration\InventoryManagement.Infrastructure.Configuration.csproj", "{00F438B4-9EC6-47BF-AEB7-5ADACC3149C9}"
EndProject
Project("{9A19103F-16F7-4668-BE54-9A1E7A4F7556}") = "InventoryManagement.Application", "InventoryManagement.Application\InventoryManagement.Application.csproj", "{B719A71E-C164-40F9-A797-9FBCAC131902}"
EndProject
Global
	GlobalSection(SolutionConfigurationPlatforms) = preSolution
		Debug|Any CPU = Debug|Any CPU
		Release|Any CPU = Release|Any CPU
	EndGlobalSection
	GlobalSection(ProjectConfigurationPlatforms) = postSolution
		{052CE594-34D4-4454-8389-BCD30C035E03}.Debug|Any CPU.ActiveCfg = Debug|Any CPU
		{052CE594-34D4-4454-8389-BCD30C035E03}.Debug|Any CPU.Build.0 = Debug|Any CPU
		{052CE594-34D4-4454-8389-BCD30C035E03}.Release|Any CPU.ActiveCfg = Release|Any CPU
		{052CE594-34D4-4454-8389-BCD30C035E03}.Release|Any CPU.Build.0 = Release|Any CPU
		{CCA02C45-D228-4BCE-AD20-64520A4A95D3}.Debug|Any CPU.ActiveCfg = Debug|Any CPU
		{CCA02C45-D228-4BCE-AD20-64520A4A95D3}.Debug|Any CPU.Build.0 = Debug|Any CPU
		{CCA02C45-D228-4BCE-AD20-64520A4A95D3}.Release|Any CPU.ActiveCfg = Release|Any CPU
		{CCA02C45-D228-4BCE-AD20-64520A4A95D3}.Release|Any CPU.Build.0 = Release|Any CPU
		{9059FFAB-8091-47C2-8194-DD44A35B6793}.Debug|Any CPU.ActiveCfg = Debug|Any CPU
		{9059FFAB-8091-47C2-8194-DD44A35B6793}.Debug|Any CPU.Build.0 = Debug|Any CPU
		{9059FFAB-8091-47C2-8194-DD44A35B6793}.Release|Any CPU.ActiveCfg = Release|Any CPU
		{9059FFAB-8091-47C2-8194-DD44A35B6793}.Release|Any CPU.Build.0 = Release|Any CPU
		{350239B0-D050-4377-8F64-6FA024F69EE8}.Debug|Any CPU.ActiveCfg = Debug|Any CPU
		{350239B0-D050-4377-8F64-6FA024F69EE8}.Debug|Any CPU.Build.0 = Debug|Any CPU
		{350239B0-D050-4377-8F64-6FA024F69EE8}.Release|Any CPU.ActiveCfg = Release|Any CPU
		{350239B0-D050-4377-8F64-6FA024F69EE8}.Release|Any CPU.Build.0 = Release|Any CPU
		{51780CD4-5CC9-4CDE-8BAF-2E2733FC7F7E}.Debug|Any CPU.ActiveCfg = Debug|Any CPU
		{51780CD4-5CC9-4CDE-8BAF-2E2733FC7F7E}.Debug|Any CPU.Build.0 = Debug|Any CPU
		{51780CD4-5CC9-4CDE-8BAF-2E2733FC7F7E}.Release|Any CPU.ActiveCfg = Release|Any CPU
		{51780CD4-5CC9-4CDE-8BAF-2E2733FC7F7E}.Release|Any CPU.Build.0 = Release|Any CPU
		{50609850-4C7B-47A1-9D34-9B3A92BA1DAB}.Debug|Any CPU.ActiveCfg = Debug|Any CPU
		{50609850-4C7B-47A1-9D34-9B3A92BA1DAB}.Debug|Any CPU.Build.0 = Debug|Any CPU
		{50609850-4C7B-47A1-9D34-9B3A92BA1DAB}.Release|Any CPU.ActiveCfg = Release|Any CPU
		{50609850-4C7B-47A1-9D34-9B3A92BA1DAB}.Release|Any CPU.Build.0 = Release|Any CPU
		{D83F11D4-4F4A-4ADD-83FD-27572EDC289E}.Debug|Any CPU.ActiveCfg = Debug|Any CPU
		{D83F11D4-4F4A-4ADD-83FD-27572EDC289E}.Debug|Any CPU.Build.0 = Debug|Any CPU
		{D83F11D4-4F4A-4ADD-83FD-27572EDC289E}.Release|Any CPU.ActiveCfg = Release|Any CPU
		{D83F11D4-4F4A-4ADD-83FD-27572EDC289E}.Release|Any CPU.Build.0 = Release|Any CPU
		{657ADD15-C51B-40FC-BE79-8B03AD58B5B9}.Debug|Any CPU.ActiveCfg = Debug|Any CPU
		{657ADD15-C51B-40FC-BE79-8B03AD58B5B9}.Debug|Any CPU.Build.0 = Debug|Any CPU
		{657ADD15-C51B-40FC-BE79-8B03AD58B5B9}.Release|Any CPU.ActiveCfg = Release|Any CPU
		{657ADD15-C51B-40FC-BE79-8B03AD58B5B9}.Release|Any CPU.Build.0 = Release|Any CPU
		{BEB46E89-0CC4-4CFC-9BBA-5984D07D66A8}.Debug|Any CPU.ActiveCfg = Debug|Any CPU
		{BEB46E89-0CC4-4CFC-9BBA-5984D07D66A8}.Debug|Any CPU.Build.0 = Debug|Any CPU
		{BEB46E89-0CC4-4CFC-9BBA-5984D07D66A8}.Release|Any CPU.ActiveCfg = Release|Any CPU
		{BEB46E89-0CC4-4CFC-9BBA-5984D07D66A8}.Release|Any CPU.Build.0 = Release|Any CPU
		{51114EA7-93E7-4E1F-89E5-4CDDF052878E}.Debug|Any CPU.ActiveCfg = Debug|Any CPU
		{51114EA7-93E7-4E1F-89E5-4CDDF052878E}.Debug|Any CPU.Build.0 = Debug|Any CPU
		{51114EA7-93E7-4E1F-89E5-4CDDF052878E}.Release|Any CPU.ActiveCfg = Release|Any CPU
		{51114EA7-93E7-4E1F-89E5-4CDDF052878E}.Release|Any CPU.Build.0 = Release|Any CPU
		{C59F1512-097B-479D-8190-B78FF0C657FE}.Debug|Any CPU.ActiveCfg = Debug|Any CPU
		{C59F1512-097B-479D-8190-B78FF0C657FE}.Debug|Any CPU.Build.0 = Debug|Any CPU
		{C59F1512-097B-479D-8190-B78FF0C657FE}.Release|Any CPU.ActiveCfg = Release|Any CPU
		{C59F1512-097B-479D-8190-B78FF0C657FE}.Release|Any CPU.Build.0 = Release|Any CPU
		{75FCBBFA-719E-4B08-B08E-CF5832BED1C1}.Debug|Any CPU.ActiveCfg = Debug|Any CPU
		{75FCBBFA-719E-4B08-B08E-CF5832BED1C1}.Debug|Any CPU.Build.0 = Debug|Any CPU
		{75FCBBFA-719E-4B08-B08E-CF5832BED1C1}.Release|Any CPU.ActiveCfg = Release|Any CPU
		{75FCBBFA-719E-4B08-B08E-CF5832BED1C1}.Release|Any CPU.Build.0 = Release|Any CPU
		{93465779-8F2D-4F6D-BFBD-BAEF2B7DF81C}.Debug|Any CPU.ActiveCfg = Debug|Any CPU
		{93465779-8F2D-4F6D-BFBD-BAEF2B7DF81C}.Debug|Any CPU.Build.0 = Debug|Any CPU
		{93465779-8F2D-4F6D-BFBD-BAEF2B7DF81C}.Release|Any CPU.ActiveCfg = Release|Any CPU
		{93465779-8F2D-4F6D-BFBD-BAEF2B7DF81C}.Release|Any CPU.Build.0 = Release|Any CPU
		{A895AF6A-9743-4924-823C-968A131D39CF}.Debug|Any CPU.ActiveCfg = Debug|Any CPU
		{A895AF6A-9743-4924-823C-968A131D39CF}.Debug|Any CPU.Build.0 = Debug|Any CPU
		{A895AF6A-9743-4924-823C-968A131D39CF}.Release|Any CPU.ActiveCfg = Release|Any CPU
		{A895AF6A-9743-4924-823C-968A131D39CF}.Release|Any CPU.Build.0 = Release|Any CPU
		{2DC7F869-D101-4A9C-9E53-21BF64EC3524}.Debug|Any CPU.ActiveCfg = Debug|Any CPU
		{2DC7F869-D101-4A9C-9E53-21BF64EC3524}.Debug|Any CPU.Build.0 = Debug|Any CPU
		{2DC7F869-D101-4A9C-9E53-21BF64EC3524}.Release|Any CPU.ActiveCfg = Release|Any CPU
		{2DC7F869-D101-4A9C-9E53-21BF64EC3524}.Release|Any CPU.Build.0 = Release|Any CPU
		{B64AF564-1091-40DE-8616-C9AC3E6C566F}.Debug|Any CPU.ActiveCfg = Debug|Any CPU
		{B64AF564-1091-40DE-8616-C9AC3E6C566F}.Debug|Any CPU.Build.0 = Debug|Any CPU
		{B64AF564-1091-40DE-8616-C9AC3E6C566F}.Release|Any CPU.ActiveCfg = Release|Any CPU
		{B64AF564-1091-40DE-8616-C9AC3E6C566F}.Release|Any CPU.Build.0 = Release|Any CPU
		{00F438B4-9EC6-47BF-AEB7-5ADACC3149C9}.Debug|Any CPU.ActiveCfg = Debug|Any CPU
		{00F438B4-9EC6-47BF-AEB7-5ADACC3149C9}.Debug|Any CPU.Build.0 = Debug|Any CPU
		{00F438B4-9EC6-47BF-AEB7-5ADACC3149C9}.Release|Any CPU.ActiveCfg = Release|Any CPU
		{00F438B4-9EC6-47BF-AEB7-5ADACC3149C9}.Release|Any CPU.Build.0 = Release|Any CPU
		{B719A71E-C164-40F9-A797-9FBCAC131902}.Debug|Any CPU.ActiveCfg = Debug|Any CPU
		{B719A71E-C164-40F9-A797-9FBCAC131902}.Debug|Any CPU.Build.0 = Debug|Any CPU
		{B719A71E-C164-40F9-A797-9FBCAC131902}.Release|Any CPU.ActiveCfg = Release|Any CPU
		{B719A71E-C164-40F9-A797-9FBCAC131902}.Release|Any CPU.Build.0 = Release|Any CPU
	EndGlobalSection
	GlobalSection(SolutionProperties) = preSolution
		HideSolutionNode = FALSE
	EndGlobalSection
	GlobalSection(NestedProjects) = preSolution
		{C4446913-652A-4589-AB14-1337D9CB0530} = {8F507B52-C59D-41A7-A507-26D7B37A1403}
		{052CE594-34D4-4454-8389-BCD30C035E03} = {C4446913-652A-4589-AB14-1337D9CB0530}
		{1BC03290-42F1-4CFC-92CF-8F53D61544F6} = {8F507B52-C59D-41A7-A507-26D7B37A1403}
		{9059FFAB-8091-47C2-8194-DD44A35B6793} = {1BC03290-42F1-4CFC-92CF-8F53D61544F6}
		{350239B0-D050-4377-8F64-6FA024F69EE8} = {1BC03290-42F1-4CFC-92CF-8F53D61544F6}
		{BE51D5CF-CB24-4E8B-8ECC-B461943E459E} = {8F507B52-C59D-41A7-A507-26D7B37A1403}
		{51780CD4-5CC9-4CDE-8BAF-2E2733FC7F7E} = {BE51D5CF-CB24-4E8B-8ECC-B461943E459E}
		{50609850-4C7B-47A1-9D34-9B3A92BA1DAB} = {BE51D5CF-CB24-4E8B-8ECC-B461943E459E}
		{BEB46E89-0CC4-4CFC-9BBA-5984D07D66A8} = {A26AE46C-4A41-4909-B46F-446F3B608884}
		{A26AE46C-4A41-4909-B46F-446F3B608884} = {DB6369E6-FC0B-4A7F-9977-6E22A5620295}
		{5E793EB7-63F4-496A-817A-1D9CFF3266E1} = {DB6369E6-FC0B-4A7F-9977-6E22A5620295}
		{51114EA7-93E7-4E1F-89E5-4CDDF052878E} = {5E793EB7-63F4-496A-817A-1D9CFF3266E1}
		{C59F1512-097B-479D-8190-B78FF0C657FE} = {5E793EB7-63F4-496A-817A-1D9CFF3266E1}
		{7CDA4B27-1A90-481C-9E0C-EA015EE8E14D} = {DB6369E6-FC0B-4A7F-9977-6E22A5620295}
		{75FCBBFA-719E-4B08-B08E-CF5832BED1C1} = {7CDA4B27-1A90-481C-9E0C-EA015EE8E14D}
		{93465779-8F2D-4F6D-BFBD-BAEF2B7DF81C} = {7CDA4B27-1A90-481C-9E0C-EA015EE8E14D}
		{CC8C37D9-DA73-4A41-9148-F58EF317A7FF} = {4D098E20-7970-4172-A577-EDC79B469121}
		{A895AF6A-9743-4924-823C-968A131D39CF} = {CC8C37D9-DA73-4A41-9148-F58EF317A7FF}
		{F533D4A3-63CA-4C8F-8343-13F3C4C35C37} = {4D098E20-7970-4172-A577-EDC79B469121}
		{2DC7F869-D101-4A9C-9E53-21BF64EC3524} = {F533D4A3-63CA-4C8F-8343-13F3C4C35C37}
		{33B85C4E-D456-4CB6-8CD5-76DBA5153E7A} = {4D098E20-7970-4172-A577-EDC79B469121}
		{B64AF564-1091-40DE-8616-C9AC3E6C566F} = {33B85C4E-D456-4CB6-8CD5-76DBA5153E7A}
		{00F438B4-9EC6-47BF-AEB7-5ADACC3149C9} = {33B85C4E-D456-4CB6-8CD5-76DBA5153E7A}
		{B719A71E-C164-40F9-A797-9FBCAC131902} = {CC8C37D9-DA73-4A41-9148-F58EF317A7FF}
	EndGlobalSection
	GlobalSection(ExtensibilityGlobals) = postSolution
		SolutionGuid = {780E24C8-2CB0-455C-8AC5-5D22D12A6B26}
	EndGlobalSection
EndGlobal
