
Microsoft Visual Studio Solution File, Format Version 12.00
# Visual Studio Version 17
VisualStudioVersion = 17.5.33530.505
MinimumVisualStudioVersion = 10.0.40219.1
Project("{2150E333-8FDC-42A3-9474-1A3956D46DE8}") = "ShopManagement", "ShopManagement", "{8F507B52-C59D-41A7-A507-26D7B37A1403}"
EndProject
Project("{2150E333-8FDC-42A3-9474-1A3956D46DE8}") = "SM.Domain", "SM.Domain", "{C4446913-652A-4589-AB14-1337D9CB0530}"
EndProject
Project("{9A19103F-16F7-4668-BE54-9A1E7A4F7556}") = "ShopManagement.Domain", "ShopManagement.Domain\ShopManagement.Domain.csproj", "{052CE594-34D4-4454-8389-BCD30C035E03}"
EndProject
Project("{9A19103F-16F7-4668-BE54-9A1E7A4F7556}") = "0-Framework", "0-Framework\0-Framework.csproj", "{CCA02C45-D228-4BCE-AD20-64520A4A95D3}"
EndProject
Project("{2150E333-8FDC-42A3-9474-1A3956D46DE8}") = "SM.Application", "SM.Application", "{1BC03290-42F1-4CFC-92CF-8F53D61544F6}"
EndProject
Project("{9A19103F-16F7-4668-BE54-9A1E7A4F7556}") = "ShopManagement.Application.Contracts", "ShopManagement.Application.Contracts\ShopManagement.Application.Contracts.csproj", "{9059FFAB-8091-47C2-8194-DD44A35B6793}"
EndProject
Project("{9A19103F-16F7-4668-BE54-9A1E7A4F7556}") = "ShopManagement.Application", "ShopManagement.Application\ShopManagement.Application.csproj", "{350239B0-D050-4377-8F64-6FA024F69EE8}"
EndProject
Project("{2150E333-8FDC-42A3-9474-1A3956D46DE8}") = "SM.Infrastructure", "SM.Infrastructure", "{BE51D5CF-CB24-4E8B-8ECC-B461943E459E}"
EndProject
Project("{9A19103F-16F7-4668-BE54-9A1E7A4F7556}") = "ShopManagement.Infrastructur.EFCore", "ShopManagement.Infrastructur.EFCore\ShopManagement.Infrastructur.EFCore.csproj", "{51780CD4-5CC9-4CDE-8BAF-2E2733FC7F7E}"
EndProject
Project("{9A19103F-16F7-4668-BE54-9A1E7A4F7556}") = "ShopManagement.Configuration", "ShopManagement.Configuration\ShopManagement.Configuration.csproj", "{50609850-4C7B-47A1-9D34-9B3A92BA1DAB}"
EndProject
Project("{9A19103F-16F7-4668-BE54-9A1E7A4F7556}") = "ServiceHost", "ServiceHost\ServiceHost.csproj", "{D83F11D4-4F4A-4ADD-83FD-27572EDC289E}"
EndProject
Project("{9A19103F-16F7-4668-BE54-9A1E7A4F7556}") = "01_LamphadeQuery", "01_LamphadeQuery\01_LamphadeQuery.csproj", "{657ADD15-C51B-40FC-BE79-8B03AD58B5B9}"
EndProject
Project("{2150E333-8FDC-42A3-9474-1A3956D46DE8}") = "DiscountManagement", "DiscountManagement", "{DB6369E6-FC0B-4A7F-9977-6E22A5620295}"
EndProject
Project("{9A19103F-16F7-4668-BE54-9A1E7A4F7556}") = "DiscountManagement.Domain", "DiscountManagement.Domain\DiscountManagement.Domain.csproj", "{BEB46E89-0CC4-4CFC-9BBA-5984D07D66A8}"
EndProject
Project("{2150E333-8FDC-42A3-9474-1A3956D46DE8}") = "DM.Domain", "DM.Domain", "{A26AE46C-4A41-4909-B46F-446F3B608884}"
EndProject
Project("{2150E333-8FDC-42A3-9474-1A3956D46DE8}") = "DM.Application", "DM.Application", "{5E793EB7-63F4-496A-817A-1D9CFF3266E1}"
EndProject
Project("{9A19103F-16F7-4668-BE54-9A1E7A4F7556}") = "DiscountManagement.Application.Contract", "DiscountManagement.Application.Contract\DiscountManagement.Application.Contract.csproj", "{51114EA7-93E7-4E1F-89E5-4CDDF052878E}"
EndProject
Project("{9A19103F-16F7-4668-BE54-9A1E7A4F7556}") = "DiscountManagement.Application", "DiscountManagement.Application\DiscountManagement.Application.csproj", "{C59F1512-097B-479D-8190-B78FF0C657FE}"
EndProject
Project("{2150E333-8FDC-42A3-9474-1A3956D46DE8}") = "DM.Infrastructure", "DM.Infrastructure", "{7CDA4B27-1A90-481C-9E0C-EA015EE8E14D}"
EndProject
Project("{9A19103F-16F7-4668-BE54-9A1E7A4F7556}") = "DiscountManagement.Infrastructure.EFCore", "DiscountManagement.Infrastructure.EFCore\DiscountManagement.Infrastructure.EFCore.csproj", "{75FCBBFA-719E-4B08-B08E-CF5832BED1C1}"
EndProject
Project("{9A19103F-16F7-4668-BE54-9A1E7A4F7556}") = "DiscountManagement.Configuration", "DiscountManagement.Configuration\DiscountManagement.Configuration.csproj", "{93465779-8F2D-4F6D-BFBD-BAEF2B7DF81C}"
EndProject
Project("{2150E333-8FDC-42A3-9474-1A3956D46DE8}") = "IM.Application", "IM.Application", "{CC8C37D9-DA73-4A41-9148-F58EF317A7FF}"
EndProject
Project("{9A19103F-16F7-4668-BE54-9A1E7A4F7556}") = "InventoryManagement.Application.Contract", "InventoryManagement.Application.Contract\InventoryManagement.Application.Contract.csproj", "{A895AF6A-9743-4924-823C-968A131D39CF}"
EndProject
Project("{2150E333-8FDC-42A3-9474-1A3956D46DE8}") = "InventoryManagement", "InventoryManagement", "{4D098E20-7970-4172-A577-EDC79B469121}"
EndProject
Project("{2150E333-8FDC-42A3-9474-1A3956D46DE8}") = "Im.Domain", "Im.Domain", "{F533D4A3-63CA-4C8F-8343-13F3C4C35C37}"
EndProject
Project("{9A19103F-16F7-4668-BE54-9A1E7A4F7556}") = "InventoryManagement.Domain'", "InventoryManagement.Domain'\InventoryManagement.Domain'.csproj", "{2DC7F869-D101-4A9C-9E53-21BF64EC3524}"
EndProject
Project("{2150E333-8FDC-42A3-9474-1A3956D46DE8}") = "IM.Infrastructure", "IM.Infrastructure", "{33B85C4E-D456-4CB6-8CD5-76DBA5153E7A}"
EndProject
Project("{9A19103F-16F7-4668-BE54-9A1E7A4F7556}") = "InventoryManagement.Infrasructure.EFCore", "InventoryManagement.Infrasructure.EFCore\InventoryManagement.Infrasructure.EFCore.csproj", "{B64AF564-1091-40DE-8616-C9AC3E6C566F}"
EndProject
Project("{9A19103F-16F7-4668-BE54-9A1E7A4F7556}") = "InventoryManagement.Infrastructure.Configuration", "InventoryManagement.Infrastructure.Configuration\InventoryManagement.Infrastructure.Configuration.csproj", "{00F438B4-9EC6-47BF-AEB7-5ADACC3149C9}"
EndProject
Project("{9A19103F-16F7-4668-BE54-9A1E7A4F7556}") = "InventoryManagement.Application", "InventoryManagement.Application\InventoryManagement.Application.csproj", "{B719A71E-C164-40F9-A797-9FBCAC131902}"
EndProject
Project("{2150E333-8FDC-42A3-9474-1A3956D46DE8}") = "BlogManagement", "BlogManagement", "{15463DD4-8D11-4649-9B36-D5843C0BC5C6}"
EndProject
Project("{2150E333-8FDC-42A3-9474-1A3956D46DE8}") = "BM.Domain", "BM.Domain", "{B2C4D09F-973D-4445-96B1-D6D698EC4D7B}"
EndProject
Project("{9A19103F-16F7-4668-BE54-9A1E7A4F7556}") = "BlogManagement.Domain", "BlogManagement.Domain\BlogManagement.Domain.csproj", "{E877DD39-4875-4A5A-99ED-5FE015947E2D}"
EndProject
Project("{2150E333-8FDC-42A3-9474-1A3956D46DE8}") = "BM.Application", "BM.Application", "{59204868-DF23-4D27-9DD4-D41C23BD8685}"
EndProject
Project("{9A19103F-16F7-4668-BE54-9A1E7A4F7556}") = "BlogManagement.Application.Contracts", "BlogManagement.Application.Contracts\BlogManagement.Application.Contracts.csproj", "{B8B3BA2B-5D35-4299-8490-2569369C3DA7}"
EndProject
Project("{9A19103F-16F7-4668-BE54-9A1E7A4F7556}") = "BlogManagement.Application", "BlogManagement.Application\BlogManagement.Application.csproj", "{97B2AC44-48F8-495A-B4D4-E5234F1752F1}"
EndProject
Project("{2150E333-8FDC-42A3-9474-1A3956D46DE8}") = "BM.Infrastructure", "BM.Infrastructure", "{F35978FE-36BD-4BF7-9A36-C8D6F2EADC32}"
EndProject
Project("{9A19103F-16F7-4668-BE54-9A1E7A4F7556}") = "BlogManagement.Infrastructure.EFCore", "BlogManagement.Infrastructure.EFCore\BlogManagement.Infrastructure.EFCore.csproj", "{180C47C0-533B-441E-86DD-8A6678A946E4}"
EndProject
Project("{9A19103F-16F7-4668-BE54-9A1E7A4F7556}") = "BlogManagement.Infrastructure.Configuration", "BlogManagement.Infrastructure\BlogManagement.Infrastructure.Configuration.csproj", "{F1399C2B-0614-4264-B31F-B8E681ADD2CA}"
EndProject
Project("{2150E333-8FDC-42A3-9474-1A3956D46DE8}") = "CommentManagement", "CommentManagement", "{63373B1F-8BB5-4735-8347-00A4AC1485A6}"
EndProject
Project("{2150E333-8FDC-42A3-9474-1A3956D46DE8}") = "CM.Domain", "CM.Domain", "{B09CFFD1-25C4-4C07-80EF-F50B56B5E5EF}"
EndProject
Project("{9A19103F-16F7-4668-BE54-9A1E7A4F7556}") = "CommentManagement.Domain", "OmmentManagement.Domain\CommentManagement.Domain.csproj", "{0EE1E05F-1986-49DB-A160-8998A70B4685}"
EndProject
Project("{2150E333-8FDC-42A3-9474-1A3956D46DE8}") = "CM.Application", "CM.Application", "{83D213CA-5EFE-4A57-BD9C-1B8452F67F4E}"
EndProject
Project("{9A19103F-16F7-4668-BE54-9A1E7A4F7556}") = "CommentManagementApplication.Contracts", "CommentManagementApplication.Contracts\CommentManagementApplication.Contracts.csproj", "{377ACE12-1B7E-4814-98FF-8C838EB0383E}"
EndProject
Project("{9A19103F-16F7-4668-BE54-9A1E7A4F7556}") = "CommentManagement.Application", "CommentManagement.Application\CommentManagement.Application.csproj", "{E7C3D40E-B03E-4A0B-8910-4779F35C715B}"
EndProject
Project("{2150E333-8FDC-42A3-9474-1A3956D46DE8}") = "CM.Infrastructure", "CM.Infrastructure", "{51BC0482-9C84-497A-9269-46E0A322EE1B}"
EndProject
Project("{9A19103F-16F7-4668-BE54-9A1E7A4F7556}") = "CommentManagement.Infrastructure.EF.Core", "CommentManagement.Infrastructure.EF.Core\CommentManagement.Infrastructure.EF.Core.csproj", "{8077630A-73F6-4743-96D9-3869784EE2DE}"
EndProject
Project("{9A19103F-16F7-4668-BE54-9A1E7A4F7556}") = "CommentManagement.Configuration", "CommentManagement.Configuration\CommentManagement.Configuration.csproj", "{857CEBC6-8D69-4229-ABB5-47E71144822D}"
EndProject
Project("{2150E333-8FDC-42A3-9474-1A3956D46DE8}") = "AccountManagement", "AccountManagement", "{FA895F47-D243-4AEA-9CEF-1CC79A4A2C68}"
EndProject
Project("{2150E333-8FDC-42A3-9474-1A3956D46DE8}") = "AM.Domain", "AM.Domain", "{1079A130-918C-4740-9479-19F63593BD7B}"
EndProject
Project("{9A19103F-16F7-4668-BE54-9A1E7A4F7556}") = "AccountManagement.Domain", "AccountManagement.Domain\AccountManagement.Domain.csproj", "{18991BFD-E72B-4021-82B7-16066002FFE2}"
EndProject
Project("{2150E333-8FDC-42A3-9474-1A3956D46DE8}") = "AM.Application", "AM.Application", "{377218B9-36FB-480E-97D5-3B1819383EE7}"
EndProject
Project("{9A19103F-16F7-4668-BE54-9A1E7A4F7556}") = "AccountManagement.Application.Contracts", "AccountManagement.Application.Contracts\AccountManagement.Application.Contracts.csproj", "{3D852AAD-7A8D-45AC-A778-288C7C5F2B3A}"
EndProject
Project("{9A19103F-16F7-4668-BE54-9A1E7A4F7556}") = "AccountManagement.Application", "AccountManagement.Application\AccountManagement.Application.csproj", "{757DBC49-1F85-49CC-A5A6-D9080CE2BA95}"
EndProject
Project("{2150E333-8FDC-42A3-9474-1A3956D46DE8}") = "AM.Infrastructure", "AM.Infrastructure", "{C9AF93DE-B0DA-4426-B281-8385DED975D5}"
EndProject
Project("{9A19103F-16F7-4668-BE54-9A1E7A4F7556}") = "AccountManagement.Infrastructure.Configuration", "AccountManagement.Infrastructure.Configuration\AccountManagement.Infrastructure.Configuration.csproj", "{7A15E669-76BC-434B-B49C-B8A0E1D3B0B8}"
EndProject
Project("{9A19103F-16F7-4668-BE54-9A1E7A4F7556}") = "AccountManagement.Infrastructure.EFCore", "AccountManagement.Infrastructure.EFCore\AccountManagement.Infrastructure.EFCore.csproj", "{BB98AF0F-B936-4A18-8DBB-C6BA2E6591D9}"
EndProject
Project("{9A19103F-16F7-4668-BE54-9A1E7A4F7556}") = "ShopManagement.Infrastructur.InventoryACl", "ShopManagement.Infrastructur.InventoryACl\ShopManagement.Infrastructur.InventoryACl.csproj", "{9328CAF1-B93C-4315-B934-29194B8616FF}"
EndProject
Project("{2150E333-8FDC-42A3-9474-1A3956D46DE8}") = "SM.Presentation", "SM.Presentation", "{1EB8CAC4-C479-4F0E-A63D-6D6AAA7F9199}"
EndProject
Project("{9A19103F-16F7-4668-BE54-9A1E7A4F7556}") = "ShopManagementPresentation.Api", "ShopManagementPresentation.Api\ShopManagementPresentation.Api.csproj", "{A403C24F-AD5D-4239-A513-EC2F082CB791}"
EndProject
Project("{2150E333-8FDC-42A3-9474-1A3956D46DE8}") = "IM.Presentation", "IM.Presentation", "{F27E1FB8-A4F4-428B-BC3D-1EBCB224E6FB}"
EndProject
Project("{9A19103F-16F7-4668-BE54-9A1E7A4F7556}") = "InventoryManagementPresentation.Api", "InventoryManagementPresentation.Api\InventoryManagementPresentation.Api.csproj", "{DA67652C-5CC0-43ED-95B0-73DE42BBDED2}"
EndProject
Project("{2150E333-8FDC-42A3-9474-1A3956D46DE8}") = "BM.Peresentation", "BM.Peresentation", "{0BB91563-AE2C-4B8E-A035-162BAA8EFF5D}"
EndProject
Project("{9A19103F-16F7-4668-BE54-9A1E7A4F7556}") = "BlogManagementPresentation.Api", "BlogManagementPresentation.Api\BlogManagementPresentation.Api.csproj", "{D3D8CBEA-2452-4186-8727-2253F2C25D0F}"
EndProject
Project("{9A19103F-16F7-4668-BE54-9A1E7A4F7556}") = "ShopManagement.Infrastructure.AccountAcl", "ShopManagement.Infrastructure.AccountAcl\ShopManagement.Infrastructure.AccountAcl.csproj", "{B9DCF75C-9B24-4AFF-8274-9ACA7D41ADB8}"
EndProject
Global
	GlobalSection(SolutionConfigurationPlatforms) = preSolution
		Debug|Any CPU = Debug|Any CPU
		Release|Any CPU = Release|Any CPU
	EndGlobalSection
	GlobalSection(ProjectConfigurationPlatforms) = postSolution
		{052CE594-34D4-4454-8389-BCD30C035E03}.Debug|Any CPU.ActiveCfg = Debug|Any CPU
		{052CE594-34D4-4454-8389-BCD30C035E03}.Debug|Any CPU.Build.0 = Debug|Any CPU
		{052CE594-34D4-4454-8389-BCD30C035E03}.Release|Any CPU.ActiveCfg = Release|Any CPU
		{052CE594-34D4-4454-8389-BCD30C035E03}.Release|Any CPU.Build.0 = Release|Any CPU
		{CCA02C45-D228-4BCE-AD20-64520A4A95D3}.Debug|Any CPU.ActiveCfg = Debug|Any CPU
		{CCA02C45-D228-4BCE-AD20-64520A4A95D3}.Debug|Any CPU.Build.0 = Debug|Any CPU
		{CCA02C45-D228-4BCE-AD20-64520A4A95D3}.Release|Any CPU.ActiveCfg = Release|Any CPU
		{CCA02C45-D228-4BCE-AD20-64520A4A95D3}.Release|Any CPU.Build.0 = Release|Any CPU
		{9059FFAB-8091-47C2-8194-DD44A35B6793}.Debug|Any CPU.ActiveCfg = Debug|Any CPU
		{9059FFAB-8091-47C2-8194-DD44A35B6793}.Debug|Any CPU.Build.0 = Debug|Any CPU
		{9059FFAB-8091-47C2-8194-DD44A35B6793}.Release|Any CPU.ActiveCfg = Release|Any CPU
		{9059FFAB-8091-47C2-8194-DD44A35B6793}.Release|Any CPU.Build.0 = Release|Any CPU
		{350239B0-D050-4377-8F64-6FA024F69EE8}.Debug|Any CPU.ActiveCfg = Debug|Any CPU
		{350239B0-D050-4377-8F64-6FA024F69EE8}.Debug|Any CPU.Build.0 = Debug|Any CPU
		{350239B0-D050-4377-8F64-6FA024F69EE8}.Release|Any CPU.ActiveCfg = Release|Any CPU
		{350239B0-D050-4377-8F64-6FA024F69EE8}.Release|Any CPU.Build.0 = Release|Any CPU
		{51780CD4-5CC9-4CDE-8BAF-2E2733FC7F7E}.Debug|Any CPU.ActiveCfg = Debug|Any CPU
		{51780CD4-5CC9-4CDE-8BAF-2E2733FC7F7E}.Debug|Any CPU.Build.0 = Debug|Any CPU
		{51780CD4-5CC9-4CDE-8BAF-2E2733FC7F7E}.Release|Any CPU.ActiveCfg = Release|Any CPU
		{51780CD4-5CC9-4CDE-8BAF-2E2733FC7F7E}.Release|Any CPU.Build.0 = Release|Any CPU
		{50609850-4C7B-47A1-9D34-9B3A92BA1DAB}.Debug|Any CPU.ActiveCfg = Debug|Any CPU
		{50609850-4C7B-47A1-9D34-9B3A92BA1DAB}.Debug|Any CPU.Build.0 = Debug|Any CPU
		{50609850-4C7B-47A1-9D34-9B3A92BA1DAB}.Release|Any CPU.ActiveCfg = Release|Any CPU
		{50609850-4C7B-47A1-9D34-9B3A92BA1DAB}.Release|Any CPU.Build.0 = Release|Any CPU
		{D83F11D4-4F4A-4ADD-83FD-27572EDC289E}.Debug|Any CPU.ActiveCfg = Debug|Any CPU
		{D83F11D4-4F4A-4ADD-83FD-27572EDC289E}.Debug|Any CPU.Build.0 = Debug|Any CPU
		{D83F11D4-4F4A-4ADD-83FD-27572EDC289E}.Release|Any CPU.ActiveCfg = Release|Any CPU
		{D83F11D4-4F4A-4ADD-83FD-27572EDC289E}.Release|Any CPU.Build.0 = Release|Any CPU
		{657ADD15-C51B-40FC-BE79-8B03AD58B5B9}.Debug|Any CPU.ActiveCfg = Debug|Any CPU
		{657ADD15-C51B-40FC-BE79-8B03AD58B5B9}.Debug|Any CPU.Build.0 = Debug|Any CPU
		{657ADD15-C51B-40FC-BE79-8B03AD58B5B9}.Release|Any CPU.ActiveCfg = Release|Any CPU
		{657ADD15-C51B-40FC-BE79-8B03AD58B5B9}.Release|Any CPU.Build.0 = Release|Any CPU
		{BEB46E89-0CC4-4CFC-9BBA-5984D07D66A8}.Debug|Any CPU.ActiveCfg = Debug|Any CPU
		{BEB46E89-0CC4-4CFC-9BBA-5984D07D66A8}.Debug|Any CPU.Build.0 = Debug|Any CPU
		{BEB46E89-0CC4-4CFC-9BBA-5984D07D66A8}.Release|Any CPU.ActiveCfg = Release|Any CPU
		{BEB46E89-0CC4-4CFC-9BBA-5984D07D66A8}.Release|Any CPU.Build.0 = Release|Any CPU
		{51114EA7-93E7-4E1F-89E5-4CDDF052878E}.Debug|Any CPU.ActiveCfg = Debug|Any CPU
		{51114EA7-93E7-4E1F-89E5-4CDDF052878E}.Debug|Any CPU.Build.0 = Debug|Any CPU
		{51114EA7-93E7-4E1F-89E5-4CDDF052878E}.Release|Any CPU.ActiveCfg = Release|Any CPU
		{51114EA7-93E7-4E1F-89E5-4CDDF052878E}.Release|Any CPU.Build.0 = Release|Any CPU
		{C59F1512-097B-479D-8190-B78FF0C657FE}.Debug|Any CPU.ActiveCfg = Debug|Any CPU
		{C59F1512-097B-479D-8190-B78FF0C657FE}.Debug|Any CPU.Build.0 = Debug|Any CPU
		{C59F1512-097B-479D-8190-B78FF0C657FE}.Release|Any CPU.ActiveCfg = Release|Any CPU
		{C59F1512-097B-479D-8190-B78FF0C657FE}.Release|Any CPU.Build.0 = Release|Any CPU
		{75FCBBFA-719E-4B08-B08E-CF5832BED1C1}.Debug|Any CPU.ActiveCfg = Debug|Any CPU
		{75FCBBFA-719E-4B08-B08E-CF5832BED1C1}.Debug|Any CPU.Build.0 = Debug|Any CPU
		{75FCBBFA-719E-4B08-B08E-CF5832BED1C1}.Release|Any CPU.ActiveCfg = Release|Any CPU
		{75FCBBFA-719E-4B08-B08E-CF5832BED1C1}.Release|Any CPU.Build.0 = Release|Any CPU
		{93465779-8F2D-4F6D-BFBD-BAEF2B7DF81C}.Debug|Any CPU.ActiveCfg = Debug|Any CPU
		{93465779-8F2D-4F6D-BFBD-BAEF2B7DF81C}.Debug|Any CPU.Build.0 = Debug|Any CPU
		{93465779-8F2D-4F6D-BFBD-BAEF2B7DF81C}.Release|Any CPU.ActiveCfg = Release|Any CPU
		{93465779-8F2D-4F6D-BFBD-BAEF2B7DF81C}.Release|Any CPU.Build.0 = Release|Any CPU
		{A895AF6A-9743-4924-823C-968A131D39CF}.Debug|Any CPU.ActiveCfg = Debug|Any CPU
		{A895AF6A-9743-4924-823C-968A131D39CF}.Debug|Any CPU.Build.0 = Debug|Any CPU
		{A895AF6A-9743-4924-823C-968A131D39CF}.Release|Any CPU.ActiveCfg = Release|Any CPU
		{A895AF6A-9743-4924-823C-968A131D39CF}.Release|Any CPU.Build.0 = Release|Any CPU
		{2DC7F869-D101-4A9C-9E53-21BF64EC3524}.Debug|Any CPU.ActiveCfg = Debug|Any CPU
		{2DC7F869-D101-4A9C-9E53-21BF64EC3524}.Debug|Any CPU.Build.0 = Debug|Any CPU
		{2DC7F869-D101-4A9C-9E53-21BF64EC3524}.Release|Any CPU.ActiveCfg = Release|Any CPU
		{2DC7F869-D101-4A9C-9E53-21BF64EC3524}.Release|Any CPU.Build.0 = Release|Any CPU
		{B64AF564-1091-40DE-8616-C9AC3E6C566F}.Debug|Any CPU.ActiveCfg = Debug|Any CPU
		{B64AF564-1091-40DE-8616-C9AC3E6C566F}.Debug|Any CPU.Build.0 = Debug|Any CPU
		{B64AF564-1091-40DE-8616-C9AC3E6C566F}.Release|Any CPU.ActiveCfg = Release|Any CPU
		{B64AF564-1091-40DE-8616-C9AC3E6C566F}.Release|Any CPU.Build.0 = Release|Any CPU
		{00F438B4-9EC6-47BF-AEB7-5ADACC3149C9}.Debug|Any CPU.ActiveCfg = Debug|Any CPU
		{00F438B4-9EC6-47BF-AEB7-5ADACC3149C9}.Debug|Any CPU.Build.0 = Debug|Any CPU
		{00F438B4-9EC6-47BF-AEB7-5ADACC3149C9}.Release|Any CPU.ActiveCfg = Release|Any CPU
		{00F438B4-9EC6-47BF-AEB7-5ADACC3149C9}.Release|Any CPU.Build.0 = Release|Any CPU
		{B719A71E-C164-40F9-A797-9FBCAC131902}.Debug|Any CPU.ActiveCfg = Debug|Any CPU
		{B719A71E-C164-40F9-A797-9FBCAC131902}.Debug|Any CPU.Build.0 = Debug|Any CPU
		{B719A71E-C164-40F9-A797-9FBCAC131902}.Release|Any CPU.ActiveCfg = Release|Any CPU
		{B719A71E-C164-40F9-A797-9FBCAC131902}.Release|Any CPU.Build.0 = Release|Any CPU
		{E877DD39-4875-4A5A-99ED-5FE015947E2D}.Debug|Any CPU.ActiveCfg = Debug|Any CPU
		{E877DD39-4875-4A5A-99ED-5FE015947E2D}.Debug|Any CPU.Build.0 = Debug|Any CPU
		{E877DD39-4875-4A5A-99ED-5FE015947E2D}.Release|Any CPU.ActiveCfg = Release|Any CPU
		{E877DD39-4875-4A5A-99ED-5FE015947E2D}.Release|Any CPU.Build.0 = Release|Any CPU
		{B8B3BA2B-5D35-4299-8490-2569369C3DA7}.Debug|Any CPU.ActiveCfg = Debug|Any CPU
		{B8B3BA2B-5D35-4299-8490-2569369C3DA7}.Debug|Any CPU.Build.0 = Debug|Any CPU
		{B8B3BA2B-5D35-4299-8490-2569369C3DA7}.Release|Any CPU.ActiveCfg = Release|Any CPU
		{B8B3BA2B-5D35-4299-8490-2569369C3DA7}.Release|Any CPU.Build.0 = Release|Any CPU
		{97B2AC44-48F8-495A-B4D4-E5234F1752F1}.Debug|Any CPU.ActiveCfg = Debug|Any CPU
		{97B2AC44-48F8-495A-B4D4-E5234F1752F1}.Debug|Any CPU.Build.0 = Debug|Any CPU
		{97B2AC44-48F8-495A-B4D4-E5234F1752F1}.Release|Any CPU.ActiveCfg = Release|Any CPU
		{97B2AC44-48F8-495A-B4D4-E5234F1752F1}.Release|Any CPU.Build.0 = Release|Any CPU
		{180C47C0-533B-441E-86DD-8A6678A946E4}.Debug|Any CPU.ActiveCfg = Debug|Any CPU
		{180C47C0-533B-441E-86DD-8A6678A946E4}.Debug|Any CPU.Build.0 = Debug|Any CPU
		{180C47C0-533B-441E-86DD-8A6678A946E4}.Release|Any CPU.ActiveCfg = Release|Any CPU
		{180C47C0-533B-441E-86DD-8A6678A946E4}.Release|Any CPU.Build.0 = Release|Any CPU
		{F1399C2B-0614-4264-B31F-B8E681ADD2CA}.Debug|Any CPU.ActiveCfg = Debug|Any CPU
		{F1399C2B-0614-4264-B31F-B8E681ADD2CA}.Debug|Any CPU.Build.0 = Debug|Any CPU
		{F1399C2B-0614-4264-B31F-B8E681ADD2CA}.Release|Any CPU.ActiveCfg = Release|Any CPU
		{F1399C2B-0614-4264-B31F-B8E681ADD2CA}.Release|Any CPU.Build.0 = Release|Any CPU
		{0EE1E05F-1986-49DB-A160-8998A70B4685}.Debug|Any CPU.ActiveCfg = Debug|Any CPU
		{0EE1E05F-1986-49DB-A160-8998A70B4685}.Debug|Any CPU.Build.0 = Debug|Any CPU
		{0EE1E05F-1986-49DB-A160-8998A70B4685}.Release|Any CPU.ActiveCfg = Release|Any CPU
		{0EE1E05F-1986-49DB-A160-8998A70B4685}.Release|Any CPU.Build.0 = Release|Any CPU
		{377ACE12-1B7E-4814-98FF-8C838EB0383E}.Debug|Any CPU.ActiveCfg = Debug|Any CPU
		{377ACE12-1B7E-4814-98FF-8C838EB0383E}.Debug|Any CPU.Build.0 = Debug|Any CPU
		{377ACE12-1B7E-4814-98FF-8C838EB0383E}.Release|Any CPU.ActiveCfg = Release|Any CPU
		{377ACE12-1B7E-4814-98FF-8C838EB0383E}.Release|Any CPU.Build.0 = Release|Any CPU
		{E7C3D40E-B03E-4A0B-8910-4779F35C715B}.Debug|Any CPU.ActiveCfg = Debug|Any CPU
		{E7C3D40E-B03E-4A0B-8910-4779F35C715B}.Debug|Any CPU.Build.0 = Debug|Any CPU
		{E7C3D40E-B03E-4A0B-8910-4779F35C715B}.Release|Any CPU.ActiveCfg = Release|Any CPU
		{E7C3D40E-B03E-4A0B-8910-4779F35C715B}.Release|Any CPU.Build.0 = Release|Any CPU
		{8077630A-73F6-4743-96D9-3869784EE2DE}.Debug|Any CPU.ActiveCfg = Debug|Any CPU
		{8077630A-73F6-4743-96D9-3869784EE2DE}.Debug|Any CPU.Build.0 = Debug|Any CPU
		{8077630A-73F6-4743-96D9-3869784EE2DE}.Release|Any CPU.ActiveCfg = Release|Any CPU
		{8077630A-73F6-4743-96D9-3869784EE2DE}.Release|Any CPU.Build.0 = Release|Any CPU
		{857CEBC6-8D69-4229-ABB5-47E71144822D}.Debug|Any CPU.ActiveCfg = Debug|Any CPU
		{857CEBC6-8D69-4229-ABB5-47E71144822D}.Debug|Any CPU.Build.0 = Debug|Any CPU
		{857CEBC6-8D69-4229-ABB5-47E71144822D}.Release|Any CPU.ActiveCfg = Release|Any CPU
		{857CEBC6-8D69-4229-ABB5-47E71144822D}.Release|Any CPU.Build.0 = Release|Any CPU
		{18991BFD-E72B-4021-82B7-16066002FFE2}.Debug|Any CPU.ActiveCfg = Debug|Any CPU
		{18991BFD-E72B-4021-82B7-16066002FFE2}.Debug|Any CPU.Build.0 = Debug|Any CPU
		{18991BFD-E72B-4021-82B7-16066002FFE2}.Release|Any CPU.ActiveCfg = Release|Any CPU
		{18991BFD-E72B-4021-82B7-16066002FFE2}.Release|Any CPU.Build.0 = Release|Any CPU
		{3D852AAD-7A8D-45AC-A778-288C7C5F2B3A}.Debug|Any CPU.ActiveCfg = Debug|Any CPU
		{3D852AAD-7A8D-45AC-A778-288C7C5F2B3A}.Debug|Any CPU.Build.0 = Debug|Any CPU
		{3D852AAD-7A8D-45AC-A778-288C7C5F2B3A}.Release|Any CPU.ActiveCfg = Release|Any CPU
		{3D852AAD-7A8D-45AC-A778-288C7C5F2B3A}.Release|Any CPU.Build.0 = Release|Any CPU
		{757DBC49-1F85-49CC-A5A6-D9080CE2BA95}.Debug|Any CPU.ActiveCfg = Debug|Any CPU
		{757DBC49-1F85-49CC-A5A6-D9080CE2BA95}.Debug|Any CPU.Build.0 = Debug|Any CPU
		{757DBC49-1F85-49CC-A5A6-D9080CE2BA95}.Release|Any CPU.ActiveCfg = Release|Any CPU
		{757DBC49-1F85-49CC-A5A6-D9080CE2BA95}.Release|Any CPU.Build.0 = Release|Any CPU
		{7A15E669-76BC-434B-B49C-B8A0E1D3B0B8}.Debug|Any CPU.ActiveCfg = Debug|Any CPU
		{7A15E669-76BC-434B-B49C-B8A0E1D3B0B8}.Debug|Any CPU.Build.0 = Debug|Any CPU
		{7A15E669-76BC-434B-B49C-B8A0E1D3B0B8}.Release|Any CPU.ActiveCfg = Release|Any CPU
		{7A15E669-76BC-434B-B49C-B8A0E1D3B0B8}.Release|Any CPU.Build.0 = Release|Any CPU
		{BB98AF0F-B936-4A18-8DBB-C6BA2E6591D9}.Debug|Any CPU.ActiveCfg = Debug|Any CPU
		{BB98AF0F-B936-4A18-8DBB-C6BA2E6591D9}.Debug|Any CPU.Build.0 = Debug|Any CPU
		{BB98AF0F-B936-4A18-8DBB-C6BA2E6591D9}.Release|Any CPU.ActiveCfg = Release|Any CPU
		{BB98AF0F-B936-4A18-8DBB-C6BA2E6591D9}.Release|Any CPU.Build.0 = Release|Any CPU
		{9328CAF1-B93C-4315-B934-29194B8616FF}.Debug|Any CPU.ActiveCfg = Debug|Any CPU
		{9328CAF1-B93C-4315-B934-29194B8616FF}.Debug|Any CPU.Build.0 = Debug|Any CPU
		{9328CAF1-B93C-4315-B934-29194B8616FF}.Release|Any CPU.ActiveCfg = Release|Any CPU
		{9328CAF1-B93C-4315-B934-29194B8616FF}.Release|Any CPU.Build.0 = Release|Any CPU
		{A403C24F-AD5D-4239-A513-EC2F082CB791}.Debug|Any CPU.ActiveCfg = Debug|Any CPU
		{A403C24F-AD5D-4239-A513-EC2F082CB791}.Debug|Any CPU.Build.0 = Debug|Any CPU
		{A403C24F-AD5D-4239-A513-EC2F082CB791}.Release|Any CPU.ActiveCfg = Release|Any CPU
		{A403C24F-AD5D-4239-A513-EC2F082CB791}.Release|Any CPU.Build.0 = Release|Any CPU
		{DA67652C-5CC0-43ED-95B0-73DE42BBDED2}.Debug|Any CPU.ActiveCfg = Debug|Any CPU
		{DA67652C-5CC0-43ED-95B0-73DE42BBDED2}.Debug|Any CPU.Build.0 = Debug|Any CPU
		{DA67652C-5CC0-43ED-95B0-73DE42BBDED2}.Release|Any CPU.ActiveCfg = Release|Any CPU
		{DA67652C-5CC0-43ED-95B0-73DE42BBDED2}.Release|Any CPU.Build.0 = Release|Any CPU
		{D3D8CBEA-2452-4186-8727-2253F2C25D0F}.Debug|Any CPU.ActiveCfg = Debug|Any CPU
		{D3D8CBEA-2452-4186-8727-2253F2C25D0F}.Debug|Any CPU.Build.0 = Debug|Any CPU
		{D3D8CBEA-2452-4186-8727-2253F2C25D0F}.Release|Any CPU.ActiveCfg = Release|Any CPU
		{D3D8CBEA-2452-4186-8727-2253F2C25D0F}.Release|Any CPU.Build.0 = Release|Any CPU
		{B9DCF75C-9B24-4AFF-8274-9ACA7D41ADB8}.Debug|Any CPU.ActiveCfg = Debug|Any CPU
		{B9DCF75C-9B24-4AFF-8274-9ACA7D41ADB8}.Debug|Any CPU.Build.0 = Debug|Any CPU
		{B9DCF75C-9B24-4AFF-8274-9ACA7D41ADB8}.Release|Any CPU.ActiveCfg = Release|Any CPU
		{B9DCF75C-9B24-4AFF-8274-9ACA7D41ADB8}.Release|Any CPU.Build.0 = Release|Any CPU
	EndGlobalSection
	GlobalSection(SolutionProperties) = preSolution
		HideSolutionNode = FALSE
	EndGlobalSection
	GlobalSection(NestedProjects) = preSolution
		{C4446913-652A-4589-AB14-1337D9CB0530} = {8F507B52-C59D-41A7-A507-26D7B37A1403}
		{052CE594-34D4-4454-8389-BCD30C035E03} = {C4446913-652A-4589-AB14-1337D9CB0530}
		{1BC03290-42F1-4CFC-92CF-8F53D61544F6} = {8F507B52-C59D-41A7-A507-26D7B37A1403}
		{9059FFAB-8091-47C2-8194-DD44A35B6793} = {1BC03290-42F1-4CFC-92CF-8F53D61544F6}
		{350239B0-D050-4377-8F64-6FA024F69EE8} = {1BC03290-42F1-4CFC-92CF-8F53D61544F6}
		{BE51D5CF-CB24-4E8B-8ECC-B461943E459E} = {8F507B52-C59D-41A7-A507-26D7B37A1403}
		{51780CD4-5CC9-4CDE-8BAF-2E2733FC7F7E} = {BE51D5CF-CB24-4E8B-8ECC-B461943E459E}
		{50609850-4C7B-47A1-9D34-9B3A92BA1DAB} = {BE51D5CF-CB24-4E8B-8ECC-B461943E459E}
		{BEB46E89-0CC4-4CFC-9BBA-5984D07D66A8} = {A26AE46C-4A41-4909-B46F-446F3B608884}
		{A26AE46C-4A41-4909-B46F-446F3B608884} = {DB6369E6-FC0B-4A7F-9977-6E22A5620295}
		{5E793EB7-63F4-496A-817A-1D9CFF3266E1} = {DB6369E6-FC0B-4A7F-9977-6E22A5620295}
		{51114EA7-93E7-4E1F-89E5-4CDDF052878E} = {5E793EB7-63F4-496A-817A-1D9CFF3266E1}
		{C59F1512-097B-479D-8190-B78FF0C657FE} = {5E793EB7-63F4-496A-817A-1D9CFF3266E1}
		{7CDA4B27-1A90-481C-9E0C-EA015EE8E14D} = {DB6369E6-FC0B-4A7F-9977-6E22A5620295}
		{75FCBBFA-719E-4B08-B08E-CF5832BED1C1} = {7CDA4B27-1A90-481C-9E0C-EA015EE8E14D}
		{93465779-8F2D-4F6D-BFBD-BAEF2B7DF81C} = {7CDA4B27-1A90-481C-9E0C-EA015EE8E14D}
		{CC8C37D9-DA73-4A41-9148-F58EF317A7FF} = {4D098E20-7970-4172-A577-EDC79B469121}
		{A895AF6A-9743-4924-823C-968A131D39CF} = {CC8C37D9-DA73-4A41-9148-F58EF317A7FF}
		{F533D4A3-63CA-4C8F-8343-13F3C4C35C37} = {4D098E20-7970-4172-A577-EDC79B469121}
		{2DC7F869-D101-4A9C-9E53-21BF64EC3524} = {F533D4A3-63CA-4C8F-8343-13F3C4C35C37}
		{33B85C4E-D456-4CB6-8CD5-76DBA5153E7A} = {4D098E20-7970-4172-A577-EDC79B469121}
		{B64AF564-1091-40DE-8616-C9AC3E6C566F} = {33B85C4E-D456-4CB6-8CD5-76DBA5153E7A}
		{00F438B4-9EC6-47BF-AEB7-5ADACC3149C9} = {33B85C4E-D456-4CB6-8CD5-76DBA5153E7A}
		{B719A71E-C164-40F9-A797-9FBCAC131902} = {CC8C37D9-DA73-4A41-9148-F58EF317A7FF}
		{B2C4D09F-973D-4445-96B1-D6D698EC4D7B} = {15463DD4-8D11-4649-9B36-D5843C0BC5C6}
		{E877DD39-4875-4A5A-99ED-5FE015947E2D} = {B2C4D09F-973D-4445-96B1-D6D698EC4D7B}
		{59204868-DF23-4D27-9DD4-D41C23BD8685} = {15463DD4-8D11-4649-9B36-D5843C0BC5C6}
		{B8B3BA2B-5D35-4299-8490-2569369C3DA7} = {59204868-DF23-4D27-9DD4-D41C23BD8685}
		{97B2AC44-48F8-495A-B4D4-E5234F1752F1} = {59204868-DF23-4D27-9DD4-D41C23BD8685}
		{F35978FE-36BD-4BF7-9A36-C8D6F2EADC32} = {15463DD4-8D11-4649-9B36-D5843C0BC5C6}
		{180C47C0-533B-441E-86DD-8A6678A946E4} = {F35978FE-36BD-4BF7-9A36-C8D6F2EADC32}
		{F1399C2B-0614-4264-B31F-B8E681ADD2CA} = {F35978FE-36BD-4BF7-9A36-C8D6F2EADC32}
		{B09CFFD1-25C4-4C07-80EF-F50B56B5E5EF} = {63373B1F-8BB5-4735-8347-00A4AC1485A6}
		{0EE1E05F-1986-49DB-A160-8998A70B4685} = {B09CFFD1-25C4-4C07-80EF-F50B56B5E5EF}
		{83D213CA-5EFE-4A57-BD9C-1B8452F67F4E} = {63373B1F-8BB5-4735-8347-00A4AC1485A6}
		{377ACE12-1B7E-4814-98FF-8C838EB0383E} = {83D213CA-5EFE-4A57-BD9C-1B8452F67F4E}
		{E7C3D40E-B03E-4A0B-8910-4779F35C715B} = {83D213CA-5EFE-4A57-BD9C-1B8452F67F4E}
		{51BC0482-9C84-497A-9269-46E0A322EE1B} = {63373B1F-8BB5-4735-8347-00A4AC1485A6}
		{8077630A-73F6-4743-96D9-3869784EE2DE} = {51BC0482-9C84-497A-9269-46E0A322EE1B}
		{857CEBC6-8D69-4229-ABB5-47E71144822D} = {51BC0482-9C84-497A-9269-46E0A322EE1B}
		{1079A130-918C-4740-9479-19F63593BD7B} = {FA895F47-D243-4AEA-9CEF-1CC79A4A2C68}
		{18991BFD-E72B-4021-82B7-16066002FFE2} = {1079A130-918C-4740-9479-19F63593BD7B}
		{377218B9-36FB-480E-97D5-3B1819383EE7} = {FA895F47-D243-4AEA-9CEF-1CC79A4A2C68}
		{3D852AAD-7A8D-45AC-A778-288C7C5F2B3A} = {377218B9-36FB-480E-97D5-3B1819383EE7}
		{757DBC49-1F85-49CC-A5A6-D9080CE2BA95} = {377218B9-36FB-480E-97D5-3B1819383EE7}
		{C9AF93DE-B0DA-4426-B281-8385DED975D5} = {FA895F47-D243-4AEA-9CEF-1CC79A4A2C68}
		{7A15E669-76BC-434B-B49C-B8A0E1D3B0B8} = {C9AF93DE-B0DA-4426-B281-8385DED975D5}
		{BB98AF0F-B936-4A18-8DBB-C6BA2E6591D9} = {C9AF93DE-B0DA-4426-B281-8385DED975D5}
		{9328CAF1-B93C-4315-B934-29194B8616FF} = {BE51D5CF-CB24-4E8B-8ECC-B461943E459E}
		{1EB8CAC4-C479-4F0E-A63D-6D6AAA7F9199} = {8F507B52-C59D-41A7-A507-26D7B37A1403}
		{A403C24F-AD5D-4239-A513-EC2F082CB791} = {1EB8CAC4-C479-4F0E-A63D-6D6AAA7F9199}
		{F27E1FB8-A4F4-428B-BC3D-1EBCB224E6FB} = {4D098E20-7970-4172-A577-EDC79B469121}
		{DA67652C-5CC0-43ED-95B0-73DE42BBDED2} = {F27E1FB8-A4F4-428B-BC3D-1EBCB224E6FB}
		{0BB91563-AE2C-4B8E-A035-162BAA8EFF5D} = {15463DD4-8D11-4649-9B36-D5843C0BC5C6}
		{D3D8CBEA-2452-4186-8727-2253F2C25D0F} = {0BB91563-AE2C-4B8E-A035-162BAA8EFF5D}
		{B9DCF75C-9B24-4AFF-8274-9ACA7D41ADB8} = {BE51D5CF-CB24-4E8B-8ECC-B461943E459E}
	EndGlobalSection
	GlobalSection(ExtensibilityGlobals) = postSolution
		SolutionGuid = {780E24C8-2CB0-455C-8AC5-5D22D12A6B26}
	EndGlobalSection
EndGlobal
